github.com/Masterminds/semver/v3 v3.4.0 h1:Zog+i5UMtVoCU8oKka5P7i9q9HgrJeGzI9SA1Xbatp0=
github.com/Masterminds/semver/v3 v3.4.0/go.mod h1:4V+yj/TJE1HU9XfppCwVMZq3I84lprf4nC11bSS5beM=
github.com/cristalhq/base64 v0.1.2 h1:edsefYyYDiac7Ytdh2xdaiiSSJzcI2f0yIkdGEf1qY0=
github.com/cristalhq/base64 v0.1.2/go.mod h1:sy4+2Hale2KbtSqkzpdMeYTP/IrB+HCvxVHWsh2VSYk=
github.com/emmansun/base64 v0.6.2 h1:Qd/W1hAs9kzcWmBozAOhlxFrjnZQR2dBN4og7WMInFs=
github.com/emmansun/base64 v0.6.2/go.mod h1:EjgM1HylRQjG1oaIMsF6+CzHsBCrTBm36890foTOELY=
github.com/go-composites/array v0.0.0-20260621062820-1aa11b71d5d6 h1:gJG8ekSggliP8pmp4R+VCqq2nGq5BLiyEoO0BHDOYl4=
github.com/go-composites/array v0.0.0-20260621062820-1aa11b71d5d6/go.mod h1:hhWmL0cQYEqlwbktG0uhz17sTRDcq1Gtgs1FO9aI+gU=
github.com/go-composites/bag v0.0.0-20260621180003-a1aa1a8eec62 h1:HcBdYJtXHSQ8AoGdyfpN5CU19d3dZ11kv13IxXWpcd8=
github.com/go-composites/bag v0.0.0-20260621180003-a1aa1a8eec62/go.mod h1:7Fnlw3jRLBt7bLkwddO8zdOAD1d4PRYhE1M3wPvTe6c=
github.com/go-composites/error v0.0.0-20260621061850-8f949885a586 h1:gA6h4DA7NSiDoqwYDMUlQ2LO/dWx3VBq41nHIMQJskI=
github.com/go-composites/error v0.0.0-20260621061850-8f949885a586/go.mod h1:9Lf1BQDdG/DDzw+WaWctBOzk69PTLjREAiPcKfSUilU=
github.com/go-composites/null v0.0.0-20260621061849-c8074799d5aa h1:C7LXruttK94qEUNp4HV5Cqcxt+kp5NXSB0nxKVa0N+c=
github.com/go-composites/null v0.0.0-20260621061849-c8074799d5aa/go.mod h1:6cSkTkpvobmk2/FSOCRu928lYmWCp87HyCSffyQFhVk=
github.com/go-composites/result v0.0.0-20260621164801-bc2eac479381 h1:lefnD/dZINKBoIevcl16pbzh1A8B9jifm9rhenBkWUg=
github.com/go-composites/result v0.0.0-20260621164801-bc2eac479381/go.mod h1:U8jOcQwbbSwQ3E5geccvv0lkwNv89piHYG/Jj1w18JQ=
github.com/go-composites/time v0.0.0-20260620202627-52c1ec9f0af0 h1:T13Rk67KSsuSbv0n15AbxSYeSRCrzcTRB0xPCdF6pYo=
github.com/go-composites/time v0.0.0-20260620202627-52c1ec9f0af0/go.mod h1:Cx3vT/o0Mo7W3klXPmdwjKWti2XLOqoLjcimGiChI7s=
github.com/go-fft/fft v0.0.0-20260620110530-0e3ca1747acb h1:kDAxBx5Tvd3PfDIqCgV3J4cpXejsJOOsiKGYQiDTJB4=
github.com/go-fft/fft v0.0.0-20260620110530-0e3ca1747acb/go.mod h1:KcAewzZmZpMxeylWZGp0/R9p03sInnPQW8B4ttL6WCc=
github.com/go-images/images v0.0.0-20260620184442-aa6cd1c0beb7 h1:An6RqRRubdqPxi0ldJaKVYJzpPrBaj0wt3cYmprKzi4=
github.com/go-images/images v0.0.0-20260620184442-aa6cd1c0beb7/go.mod h1:nWwQCf77xG1GhaSD3rvlp7FNjjDhz47vrztyeBvIerk=
github.com/go-logr/logr v1.4.3 h1:CjnDlHq8ikf6E492q6eKboGOC0T8CDaOvkHCIg8idEI=
github.com/go-logr/logr v1.4.3/go.mod h1:9T104GzyrTigFIr8wt5mBrctHMim0Nb2HLGrmQ40KvY=
github.com/go-ndarray/ndarray v0.0.0-20260620170009-555bfc31e7a3 h1:oqUg3BkpFqPqIhLG1RXFW4gpBGWN4mq5FyOqOvjc6gg=
github.com/go-ndarray/ndarray v0.0.0-20260620170009-555bfc31e7a3/go.mod h1:CZPf0P3FjwYlphONFD0ZAjE+/eaixCZYvYhm6QqmqsU=
github.com/go-ruby-abbrev/abbrev v0.0.0-20260629150957-97117892cd38 h1:j0VAUKCGNUTZVThG4Pi3pgdHXFybwXnY7anpYuKeuH4=
github.com/go-ruby-abbrev/abbrev v0.0.0-20260629150957-97117892cd38/go.mod h1:PgAtItdQBv87Wog0Q7rnbwhqsupDC0pDXDlZgSv6nvA=
github.com/go-ruby-base64/base64 v0.0.0-20260630081041-5dec54f20f53 h1:MBggShyLWDpr0USQMZvcRvRc+OIcHKFn4ohDnmB3C6k=
github.com/go-ruby-base64/base64 v0.0.0-20260630081041-5dec54f20f53/go.mod h1:pjBeKtZ2Gpc6Dq9DoDwUYEXehQU2sOpKPWxcrSNr2Cs=
github.com/go-ruby-bigdecimal/bigdecimal v0.0.0-20260629113642-660c01ff39c4 h1:XHJOnSV9GH1+gh1/SqRsskjncBzx2NUO00G8vaX5XKA=
github.com/go-ruby-bigdecimal/bigdecimal v0.0.0-20260629113642-660c01ff39c4/go.mod h1:op9nu6Z2gvH8/phs7iJZQWNvUnT2DkJV8wBAl1l0kfE=
github.com/go-ruby-cgi/cgi v0.0.0-20260629151926-ac1c4d37a56c h1:6YAo3FKzJJbQdLbvxHy7I4ur5+R+pLLMWwKXXLnWcQU=
github.com/go-ruby-cgi/cgi v0.0.0-20260629151926-ac1c4d37a56c/go.mod h1:TAIxiFMAj68dWClzEmDY1vCSNFiPfupD3HRADRXrkZw=
github.com/go-ruby-cmath/cmath v0.0.0-20260629152837-67a84137d824 h1:DLLC7LmqIWv8KT64njNSNjs5H2ayBfNMJGjtPWKR8yY=
github.com/go-ruby-cmath/cmath v0.0.0-20260629152837-67a84137d824/go.mod h1:djGUM2WR7AdnZqeRg/OQ4xVzmsl8PAWQKILX2n/foas=
github.com/go-ruby-csv/csv v0.0.0-20260629114549-c624fdf379cc h1:XAxewcVViNLEjBSEu6xI5rfDw7lv99hqNy8jzT5mr+I=
github.com/go-ruby-csv/csv v0.0.0-20260629114549-c624fdf379cc/go.mod h1:vvfFJGcGOK37vnBikohtzboL6dIfbsr54+2Ri0HkWwk=
github.com/go-ruby-date/date v0.0.0-20260629114559-23a5251a54e4 h1:Qyl2DRWnEC65Y7EI6TB9vIHzQmkySJrIF5uzBu3YdKw=
github.com/go-ruby-date/date v0.0.0-20260629114559-23a5251a54e4/go.mod h1:kn4XWlGthyqF+ogp9Tmj9EYLmvZa3Yb9Eqnfdsgu63Y=
github.com/go-ruby-did-you-mean/did-you-mean v0.0.0-20260629152232-d6815db959e9 h1:6chWND+L2l7xqFlGUfv732oUBBOVs8WsMvKt8z7HJBE=
github.com/go-ruby-did-you-mean/did-you-mean v0.0.0-20260629152232-d6815db959e9/go.mod h1:8I30lj4s9N0MCztmdJdCyMRCfK5xBBQiWHUwgnK3pIY=
github.com/go-ruby-digest/digest v0.0.0-20260629113522-e22d22431111 h1:pxsFN2ESynf6yWyy9Z1pX02H042YyC5ILsIVN89wPTU=
github.com/go-ruby-digest/digest v0.0.0-20260629113522-e22d22431111/go.mod h1:Et3sL9ojvqpOBFth/n1pryhkJzr9DvYYQ23g3rUJ0N4=
github.com/go-ruby-erb/erb v0.0.0-20260629074717-0999ae4dd529 h1:md/l6ifEY6S0Iy1nBk5hVt5BhnWJRqhB08gVEsVvS28=
github.com/go-ruby-erb/erb v0.0.0-20260629074717-0999ae4dd529/go.mod h1:HEJVI7jQ/BnjiSiu2Wj934QboEAgdv47RNOqvZb+nRw=
github.com/go-ruby-format/format v0.0.0-20260629094031-e294417ab31c h1:dJBMxMFxBLrk4LoWL23tOl5M8P0CA8Gb7r/mvsaPk6A=
github.com/go-ruby-format/format v0.0.0-20260629094031-e294417ab31c/go.mod h1:1tuz12SHPOcnFSfdPYRFwVvRhMT4Xn4M4jfPFgM7pLA=
github.com/go-ruby-getoptlong/getoptlong v0.0.0-20260629150025-1a1bfd19bc49 h1:v2Cy3bZTTi+u9XKBRP8FmYHwsWwZ+t8hlh3s4i1gGfQ=
github.com/go-ruby-getoptlong/getoptlong v0.0.0-20260629150025-1a1bfd19bc49/go.mod h1:nGvVSBSIsYrhM2qs4yQ2k8uDbXCFPWQXXqkowleHMDs=
github.com/go-ruby-ipaddr/ipaddr v0.0.0-20260630052208-78ca85dc054b h1:1iw1eRBOG7D7jCC/P4hzWllM4IkYiR/jP9Bwuo3ds6c=
github.com/go-ruby-ipaddr/ipaddr v0.0.0-20260630052208-78ca85dc054b/go.mod h1:NbAjqDjT7Qx83yBMHYGCfPFzi+iAvQtrE3JT3nqS/+U=
github.com/go-ruby-json/json v0.0.0-20260629113256-b42f13b6cb06 h1:3m+pFs699msdrHRMXTtv5N2H/Qj2k8YSbndLlCyO8Ww=
github.com/go-ruby-json/json v0.0.0-20260629113256-b42f13b6cb06/go.mod h1:nHXcH3zaGNmCslZStZVeylXkv1wLp+nzT6qNj+m+QXU=
github.com/go-ruby-logger/logger v0.0.0-20260630081511-870e2ee3f277 h1:XfUzDZqZWgOUTJ22GdwNOgkZB9MZKhxsPTq0xL1u5Io=
github.com/go-ruby-logger/logger v0.0.0-20260630081511-870e2ee3f277/go.mod h1:9+5E2AAIpErKRtzJ7zqZSfptjlD/XcD/ni6H9jpO37Y=
github.com/go-ruby-marshal/marshal v0.0.0-20260622114304-27ed1baddd9f h1:IIBuHgiQJbssGPhrUbagvP74febWhmKxiNk7IQq1//g=
github.com/go-ruby-marshal/marshal v0.0.0-20260622114304-27ed1baddd9f/go.mod h1:UpjSgWGcQSNt0ARWuHKwf0P55LkwZ65vuqoRPSKctZ8=
github.com/go-ruby-matrix/matrix v0.0.0-20260630052510-d60a23f08aca h1:jerobsJZBFXJa/2ktK8DEDU/Yf5CmX12oRkrezKq/XQ=
github.com/go-ruby-matrix/matrix v0.0.0-20260630052510-d60a23f08aca/go.mod h1:ZrmXlz95j9VE3j1bUeq8a5CTWAKoEiYrkh/ON9ns9iE=
github.com/go-ruby-observer/observer v0.0.0-20260630080708-c3a02da51f79 h1:xZIEcf1IAtrI81CRyflqoeqkbTz7CUd3aAicW9HDzfY=
github.com/go-ruby-observer/observer v0.0.0-20260630080708-c3a02da51f79/go.mod h1:QvbIKqCHbVYFCko+ZlLGzFh6h/K7pqSKGzADrzTUvls=
github.com/go-ruby-optparse/optparse v0.0.0-20260629093110-6b69a6b03546 h1:A4xMrLruv4Zp4q0AhTFngQ9JccwqbxVBiWB3fiTZVsQ=
github.com/go-ruby-optparse/optparse v0.0.0-20260629093110-6b69a6b03546/go.mod h1:BxhqkQFCqSMeYeWOHt7sdxTSkbaSJF19dWzspICZL1Q=
github.com/go-ruby-parser/parser v0.0.0-20260630055353-a831e712f1fd h1:4JhMDqqpXr2+lMoOKePJ7MzcoLMHmjoDsKWxz07ALEw=
github.com/go-ruby-parser/parser v0.0.0-20260630055353-a831e712f1fd/go.mod h1:NRbX4dYcQ6CgcaSaMmu1dh95QuKGq+RdenUoWU73214=
github.com/go-ruby-pathname/pathname v0.0.0-20260629151955-d8d2c4e5f81b h1:/ZN1eLOg0oH4wF8qmd6NOyB4ENYthx6wFwOpZiPhRIE=
github.com/go-ruby-pathname/pathname v0.0.0-20260629151955-d8d2c4e5f81b/go.mod h1:IvW5q5Kyl5l3hrYwiHylOEmk5hpGSo7XqcmUXBHF5H0=
github.com/go-ruby-prettyprint/prettyprint v0.0.0-20260629152429-60a380e82d7d h1:hH6O6QdrUlbePkqb8skhFQ0BVuMe0u1c/CXFFaVUnXg=
github.com/go-ruby-prettyprint/prettyprint v0.0.0-20260629152429-60a380e82d7d/go.mod h1:SIQyfiIJRKJq0OD9gWYfmvQTdJClJf8z56BsfVVw7rY=
github.com/go-ruby-prime/prime v0.0.0-20260629151744-aa26747e21a8 h1:zghkWpebo93z7Uz/BMXnLSN30ZPeLXS35Y1HPeXkUE4=
github.com/go-ruby-prime/prime v0.0.0-20260629151744-aa26747e21a8/go.mod h1:dG/91hk8HlQ6YAdD64xiMFHTTmXjTWtapKWoG9JtcRA=
github.com/go-ruby-pstore/pstore v0.0.0-20260630081017-0dd55a12f94e h1:JmbJL+0nq6HY1SX1tDBFQyo7M8JgbQ+ukwn8iLyNGfs=
github.com/go-ruby-pstore/pstore v0.0.0-20260630081017-0dd55a12f94e/go.mod h1:tbYmHYXjnNXJCNYABDx9nWfuGBCXeKrp134bNsQeTpM=
github.com/go-ruby-regexp/regexp v0.0.0-20260628133338-5a3a8b96feac h1:jYaeh86ngvgRe2Kn4hUmSO+DV0okQv5PcdC+gMiyP2U=
github.com/go-ruby-regexp/regexp v0.0.0-20260628133338-5a3a8b96feac/go.mod h1:+0nK2X+aCPMO91bPMM/DT1OFUIzFQeoTPGkkOR3kd84=
github.com/go-ruby-resolv/resolv v0.0.0-20260629153520-df410a5796ac h1:Y++tdsBF6lA/cw3c9uQ/ZyQZjP2N3wkA6pLF8a3HnHc=
github.com/go-ruby-resolv/resolv v0.0.0-20260629153520-df410a5796ac/go.mod h1:RD3wPeMjMThQ7QVnB9O15gCllRg+RJhSEJu9DtFaLLQ=
github.com/go-ruby-rexml/rexml v0.0.0-20260629154021-5fb0f287ee8b h1:hWNW3Z8g7Hwi17NJT912J0udGhK5dzxub8u7T07Oyv8=
github.com/go-ruby-rexml/rexml v0.0.0-20260629154021-5fb0f287ee8b/go.mod h1:UQGki9qXLiqaEOm4ih1CGznGNPUDcNGCsLVJ/y6G1G8=
github.com/go-ruby-scanf/scanf v0.0.0-20260629150220-414dbb31c386 h1:mt488Km0GMk/yjJtKUY4jo+fNz1xqHe0uLbEwPJa4To=
github.com/go-ruby-scanf/scanf v0.0.0-20260629150220-414dbb31c386/go.mod h1:UpBHz/Hf4Q8h14UpfJ5Cpp+OxVEqqNuICXGnUjg2dKc=
github.com/go-ruby-set/set v0.0.0-20260629145249-d3b3639f5a12 h1:c051SI5P7BVVbysSroIJIZWwvXo9dZhWZlx9ef62xVI=
github.com/go-ruby-set/set v0.0.0-20260629145249-d3b3639f5a12/go.mod h1:F/P0PXeE5ybEPeWYfb1JAKWny1Li3dnlm6YxG2/vffE=
github.com/go-ruby-shellwords/shellwords v0.0.0-20260629114104-e941e4210818 h1:z9b99kWJht8AgtlIbdiq7Y02j6eddxW+rr4MJpCS6kw=
github.com/go-ruby-shellwords/shellwords v0.0.0-20260629114104-e941e4210818/go.mod h1:gJ+9ba+y8+DKenwjZKbTLVSuX6Xp7V5R7pZ6NwtD6x0=
github.com/go-ruby-strscan/strscan v0.0.0-20260630060240-10bd95a9c4a4 h1:SHtLFEJV/qaEhB4CuQxnRyMMVa+89nYwZqO8t2PjNrg=
github.com/go-ruby-strscan/strscan v0.0.0-20260630060240-10bd95a9c4a4/go.mod h1:Z50x1O7HpkWh6HvI2gvnbHrvqWsYTpz86IALiVfDSI4=
github.com/go-ruby-tsort/tsort v0.0.0-20260629151245-27c44f985c8b h1:qTw5CoNYJccf05o0QlyoYwaOik4RIrUI76HAR7RGqRw=
github.com/go-ruby-tsort/tsort v0.0.0-20260629151245-27c44f985c8b/go.mod h1:QMZn01XgIYihSr1pAeqHtM5DNuf7q92rJzO1Uj1diwE=
github.com/go-ruby-unicode-normalize/unicode-normalize v0.0.0-20260629152419-984d3fbcfb7f h1:OKU5SsaiAFX7U1u+KlW7c54zNYMnW5sRWoj4nOhY7yU=
github.com/go-ruby-unicode-normalize/unicode-normalize v0.0.0-20260629152419-984d3fbcfb7f/go.mod h1:mKlLb/MTNhSHSUhcAvb6hi3ZCR5kCgVdDaInEyI3Wr8=
github.com/go-ruby-uri/uri v0.0.0-20260629113958-59633d1b0deb h1:CyoFEEsMPa/TX4EJHOPsXud3nccESDhaW6fTQsidIKI=
github.com/go-ruby-uri/uri v0.0.0-20260629113958-59633d1b0deb/go.mod h1:/7+NF+4kESzcNHjRtNe/lAfhgHpgElX4C+VNo0xsb6Y=
github.com/go-ruby-yaml/yaml v0.0.0-20260629093916-8035038027bd h1:4HGjgCdTIuIEM+iZXJ9hJJzt0IBMtxPqdJq72mr0Y64=
github.com/go-ruby-yaml/yaml v0.0.0-20260629093916-8035038027bd/go.mod h1:HtbQgnZpSTJBAhPg1jOKgHycZl3tXgf9ZdOu4dnHWjQ=
github.com/go-ruby-zlib/zlib v0.0.0-20260630052127-b4ac0c1ab281 h1:zOn3ro0WBggDR0xqvNSdOPxHEWzdR6iMy842CAyIL/g=
github.com/go-ruby-zlib/zlib v0.0.0-20260630052127-b4ac0c1ab281/go.mod h1:abizNd4NW4jTmJYNmfSIuLz0J3l7MAImkcZKlslLNRM=
github.com/go-simd/base64 v0.0.0-20260627054622-4058a7093f4c h1:iA1vHw+pR44TUtDlviXz3P8pAExO1nSm39PMZ7MsuYU=
github.com/go-simd/base64 v0.0.0-20260627054622-4058a7093f4c/go.mod h1:/nL/YHcchLkENbcFEEqAcfESIiwCM9/1H67LsSnd7EI=
github.com/go-task/slim-sprig/v3 v3.0.0 h1:sUs3vkvUymDpBKi3qH1YSqBQk9+9D/8M2mN1vB6EwHI=
github.com/go-task/slim-sprig/v3 v3.0.0/go.mod h1:W848ghGpv3Qj3dhTPRyJypKRiqCdHZiAzKg9hl15HA8=
github.com/google/go-cmp v0.7.0 h1:wk8382ETsv4JYUZwIsn6YpYiWiBsYLSJiTsyBybVuN8=
github.com/google/go-cmp v0.7.0/go.mod h1:pXiqmnSA92OHEEa9HXL2W4E7lf9JzCmGVUdgjX3N/iU=
github.com/google/pprof v0.0.0-20260402051712-545e8a4df936 h1:EwtI+Al+DeppwYX2oXJCETMO23COyaKGP6fHVpkpWpg=
github.com/google/pprof v0.0.0-20260402051712-545e8a4df936/go.mod h1:MxpfABSjhmINe3F1It9d+8exIHFvUqtLIRCdOGNXqiI=
github.com/onsi/ginkgo/v2 v2.31.0 h1:GtuJos5DFUV9EerYJo8RhYxosYNGvOdDE5haKq6Grfs=
github.com/onsi/ginkgo/v2 v2.31.0/go.mod h1:+aXOY+vzZ5mu2iI2HpTZUPmM//oQfsNFX6gU9kNcA44=
github.com/onsi/gomega v1.42.0 h1:CJby8u36xb7v34W78F8WKvqTQP7PCMIPB78IVDB73l4=
github.com/onsi/gomega v1.42.0/go.mod h1:M/Uqpu/8qTjtzCLUA2zJHX9Iilrau25x1PdoSRbWh5A=
go.yaml.in/yaml/v3 v3.0.4 h1:tfq32ie2Jv2UxXFdLJdh3jXuOzWiL1fo0bu/FbuKpbc=
go.yaml.in/yaml/v3 v3.0.4/go.mod h1:DhzuOOF2ATzADvBadXxruRBLzYTpT36CKvDb3+aBEFg=
golang.org/x/crypto v0.53.0 h1:QZ4Muo8THX6CizN2vPPd5fBGHyogrdK9fG4wLPFUsto=
golang.org/x/crypto v0.53.0/go.mod h1:DNLU434OwVakk9PzuwV8w62mAJpRJL3vsgcfp4Qnsio=
golang.org/x/mod v0.37.0 h1:vF1DjpVEshcIqoEaauuHebaLk1O1forxjxBaVn884JQ=
golang.org/x/mod v0.37.0/go.mod h1:m8S8VeM9r4dzDwjrKO0a1sZP3YjeMamRRlD+fmR2Q/0=
golang.org/x/net v0.56.0 h1:Rw8j/hFzGvJUZwNBXnAtf5sVDVt+65SK2C7IxCxZt5o=
golang.org/x/net v0.56.0/go.mod h1:D3Ku6r+V6JROoZK144D2XfMHFcMq/0zSfLelVTCFKec=
golang.org/x/sync v0.21.0 h1:HLII4xRRTtCRkxYp4HNFF0Js/Og6q2i++KXbg0gHCwM=
golang.org/x/sync v0.21.0/go.mod h1:9xrNwdLfx4jkKbNva9FpL6vEN7evnE43NNNJQ2LF3+0=
golang.org/x/sys v0.46.0 h1:noSf2Fq6F8DBgS+LysIkx7rIExoNHJsxOAtPp4rthXw=
golang.org/x/sys v0.46.0/go.mod h1:4GL1E5IUh+htKOUEOaiffhrAeqysfVGipDYzABqnCmw=
golang.org/x/text v0.38.0 h1:sXmwo9DwP3OK9EZ7PqAdaooSGozfl/3a6/xJcbzPRhE=
golang.org/x/text v0.38.0/go.mod h1:YXZt3QhHUKYT53r2lLKFIVi6Ao1jdzrTR/KQ09qyxF4=
golang.org/x/tools v0.46.0 h1:7jTurBkPZu4moS/Uy4OQT1M+QBlsj3wejyZwsT8Z7rk=
golang.org/x/tools v0.46.0/go.mod h1:FrD85F8l+NWL+9XWBSyVSHO6Ne4jutsfIFba7AWQ5Ys=
