github.com/go-composites/array v0.0.0-20260620184536-bfe15364f583 h1:9DcZ5PEnfZIot7JoTbGr5Y4S1N9Op3KvnrJbuMQmloA=
github.com/go-composites/array v0.0.0-20260620184536-bfe15364f583/go.mod h1:QVSECxCzpi4QANnAmuAwjp9rOmjutEggIHvx8m2aWZo=
github.com/go-composites/error v0.0.0-20260620184955-e79ecfc9add5 h1:MUzZjZudy45m5DoAGNmJFiHHnMtL/FEhHsZibkCNQxM=
github.com/go-composites/error v0.0.0-20260620184955-e79ecfc9add5/go.mod h1:9Lf1BQDdG/DDzw+WaWctBOzk69PTLjREAiPcKfSUilU=
github.com/go-composites/null v0.0.0-20260620115053-4c4729da2abd h1:0wT7MWIEbrKNgeQiG/o2FlR5rMQaVjwOtuDbDUXfu9E=
github.com/go-composites/null v0.0.0-20260620115053-4c4729da2abd/go.mod h1:SiCfhlSb/p06kYxYGvJmvxzmznFwR4Onj78Q8P8xSO8=
github.com/go-composites/null v0.0.0-20260620185315-bfdfb76ac657 h1:hb4i/fLKh7Sa0xj6vedqSeijB5n3QHkykaTMyTn5KGU=
github.com/go-composites/null v0.0.0-20260620185315-bfdfb76ac657/go.mod h1:6cSkTkpvobmk2/FSOCRu928lYmWCp87HyCSffyQFhVk=
github.com/go-composites/result v0.0.0-20260620185001-d3405411faf4 h1:mX9Ppc+aSiw3hswVtI3daX6ZIE7/gMYllGJrOkb/iWE=
github.com/go-composites/result v0.0.0-20260620185001-d3405411faf4/go.mod h1:gvGXTgh97uhqQjR16Te5aGr/Y4g1xQXDHc2nNYEj8/Y=
github.com/go-composites/set v0.0.0-20260620192142-23f1a50c2b92 h1:1WaNiMYdoCjnTzmQ7wQZpHsFf4ajYJmLGiwCNweBU/g=
github.com/go-composites/set v0.0.0-20260620192142-23f1a50c2b92/go.mod h1:Bm8nl0DFyeX7Ux9WF9Y4wBfdRXGvBsPmhN/lJx/mcy4=
github.com/go-composites/time v0.0.0-20260620202627-52c1ec9f0af0 h1:T13Rk67KSsuSbv0n15AbxSYeSRCrzcTRB0xPCdF6pYo=
github.com/go-composites/time v0.0.0-20260620202627-52c1ec9f0af0/go.mod h1:Cx3vT/o0Mo7W3klXPmdwjKWti2XLOqoLjcimGiChI7s=
github.com/go-fft/fft v0.0.0-20260620110530-0e3ca1747acb h1:kDAxBx5Tvd3PfDIqCgV3J4cpXejsJOOsiKGYQiDTJB4=
github.com/go-fft/fft v0.0.0-20260620110530-0e3ca1747acb/go.mod h1:KcAewzZmZpMxeylWZGp0/R9p03sInnPQW8B4ttL6WCc=
github.com/go-images/images v0.0.0-20260620184442-aa6cd1c0beb7 h1:An6RqRRubdqPxi0ldJaKVYJzpPrBaj0wt3cYmprKzi4=
github.com/go-images/images v0.0.0-20260620184442-aa6cd1c0beb7/go.mod h1:nWwQCf77xG1GhaSD3rvlp7FNjjDhz47vrztyeBvIerk=
github.com/go-logr/logr v1.4.1 h1:pKouT5E8xu9zeFC39JXRDukb6JFQPXM5p5I91188VAQ=
github.com/go-logr/logr v1.4.1/go.mod h1:9T104GzyrTigFIr8wt5mBrctHMim0Nb2HLGrmQ40KvY=
github.com/go-logr/logr v1.4.3 h1:CjnDlHq8ikf6E492q6eKboGOC0T8CDaOvkHCIg8idEI=
github.com/go-ndarray/ndarray v0.0.0-20260620170009-555bfc31e7a3 h1:oqUg3BkpFqPqIhLG1RXFW4gpBGWN4mq5FyOqOvjc6gg=
github.com/go-ndarray/ndarray v0.0.0-20260620170009-555bfc31e7a3/go.mod h1:CZPf0P3FjwYlphONFD0ZAjE+/eaixCZYvYhm6QqmqsU=
github.com/go-onigmo/regexp v0.0.0-20260615223128-d636c03e5b82 h1:W1Jg0B0zS6nKCcQD3VEvHnrR9TGFF+oOTLZQry4lzj8=
github.com/go-onigmo/regexp v0.0.0-20260615223128-d636c03e5b82/go.mod h1:wTr40dRA2FxVeYniivGngyZUR8mzgiDPNT6GNMFwa8I=
github.com/go-task/slim-sprig/v3 v3.0.0 h1:sUs3vkvUymDpBKi3qH1YSqBQk9+9D/8M2mN1vB6EwHI=
github.com/go-task/slim-sprig/v3 v3.0.0/go.mod h1:W848ghGpv3Qj3dhTPRyJypKRiqCdHZiAzKg9hl15HA8=
github.com/google/go-cmp v0.6.0 h1:ofyhxvXcZhMsU5ulbFiLKl/XBFqE1GSq7atu8tAmTRI=
github.com/google/go-cmp v0.6.0/go.mod h1:17dUlkBOakJ0+DkrSSNjCkIjxS6bF9zb3elmeNGIjoY=
github.com/google/go-cmp v0.7.0 h1:wk8382ETsv4JYUZwIsn6YpYiWiBsYLSJiTsyBybVuN8=
github.com/google/pprof v0.0.0-20240424215950-a892ee059fd6 h1:k7nVchz72niMH6YLQNvHSdIE7iqsQxK1P41mySCvssg=
github.com/google/pprof v0.0.0-20240424215950-a892ee059fd6/go.mod h1:kf6iHlnVGwgKolg33glAes7Yg/8iWP8ukqeldJSO7jw=
github.com/google/pprof v0.0.0-20260402051712-545e8a4df936 h1:EwtI+Al+DeppwYX2oXJCETMO23COyaKGP6fHVpkpWpg=
github.com/onsi/ginkgo/v2 v2.19.0 h1:9Cnnf7UHo57Hy3k6/m5k3dRfGTMXGvxhHFvkDTCTpvA=
github.com/onsi/ginkgo/v2 v2.19.0/go.mod h1:rlwLi9PilAFJ8jCg9UE1QP6VBpd6/xj3SRC0d6TU0To=
github.com/onsi/ginkgo/v2 v2.31.0 h1:GtuJos5DFUV9EerYJo8RhYxosYNGvOdDE5haKq6Grfs=
github.com/onsi/gomega v1.33.1 h1:dsYjIxxSR755MDmKVsaFQTE22ChNBcuuTWgkUDSubOk=
github.com/onsi/gomega v1.33.1/go.mod h1:U4R44UsT+9eLIaYRB2a5qajjtQYn0hauxvRm16AVYg0=
github.com/onsi/gomega v1.42.0 h1:CJby8u36xb7v34W78F8WKvqTQP7PCMIPB78IVDB73l4=
golang.org/x/net v0.25.0 h1:d/OCCoBEUq33pjydKrGQhw7IlUPI2Oylr+8qLx49kac=
golang.org/x/net v0.25.0/go.mod h1:JkAGAh7GEvH74S6FOH42FLoXpXbE/aqXSrIQjXgsiwM=
golang.org/x/net v0.56.0 h1:Rw8j/hFzGvJUZwNBXnAtf5sVDVt+65SK2C7IxCxZt5o=
golang.org/x/sys v0.20.0 h1:Od9JTbYCk261bKm4M/mw7AklTlFYIa0bIp9BgSm1S8Y=
golang.org/x/sys v0.20.0/go.mod h1:/VUhepiaJMQUp4+oa/7Zr1D23ma6VTLIYjOOTFZPUcA=
golang.org/x/sys v0.46.0 h1:noSf2Fq6F8DBgS+LysIkx7rIExoNHJsxOAtPp4rthXw=
golang.org/x/text v0.15.0 h1:h1V/4gjBv8v9cjcR6+AR5+/cIYK5N/WAgiv4xlsEtAk=
golang.org/x/text v0.15.0/go.mod h1:18ZOQIKpY8NJVqYksKHtTdi31H5itFRjB5/qKTNYzSU=
golang.org/x/text v0.38.0 h1:sXmwo9DwP3OK9EZ7PqAdaooSGozfl/3a6/xJcbzPRhE=
golang.org/x/tools v0.21.0 h1:qc0xYgIbsSDt9EyWz05J5wfa7LOVW0YTLOXrqdLAWIw=
golang.org/x/tools v0.21.0/go.mod h1:aiJjzUbINMkxbQROHiO6hDPo2LHcIPhhQsa9DLh0yGk=
golang.org/x/tools v0.46.0 h1:7jTurBkPZu4moS/Uy4OQT1M+QBlsj3wejyZwsT8Z7rk=
gopkg.in/yaml.v3 v3.0.1 h1:fxVm/GzAzEWqLHuvctI91KS9hhNmmWOoWu0XTYJS7CA=
gopkg.in/yaml.v3 v3.0.1/go.mod h1:K4uyk7z7BCEPqu6E+C64Yfv1cQ7kz7rIZviUmN+EgEM=
